// !$*UTF8*$!
{
	archiveVersion = 1;
	classes = {
	};
	objectVersion = 56;
	objects = {

/* Begin PBXBuildFile section */
		6A0B74902AA98A4A000004D4 /* AppDelegate.swift in Sources */ = {isa = PBXBuildFile; fileRef = 6A0B748F2AA98A4A000004D4 /* AppDelegate.swift */; };
		6A0B74922AA98A4A000004D4 /* SceneDelegate.swift in Sources */ = {isa = PBXBuildFile; fileRef = 6A0B74912AA98A4A000004D4 /* SceneDelegate.swift */; };
		6A0B74942AA98A4A000004D4 /* ViewController.swift in Sources */ = {isa = PBXBuildFile; fileRef = 6A0B74932AA98A4A000004D4 /* ViewController.swift */; };
		6A0B74972AA98A4A000004D4 /* Main.storyboard in Resources */ = {isa = PBXBuildFile; fileRef = 6A0B74952AA98A4A000004D4 /* Main.storyboard */; };
		6A0B74992AA98A4B000004D4 /* Assets.xcassets in Resources */ = {isa = PBXBuildFile; fileRef = 6A0B74982AA98A4B000004D4 /* Assets.xcassets */; };
		6A0B749C2AA98A4B000004D4 /* LaunchScreen.storyboard in Resources */ = {isa = PBXBuildFile; fileRef = 6A0B749A2AA98A4B000004D4 /* LaunchScreen.storyboard */; };
		6A19EC1D2AA9A2CF004386DD /* AppleMusicManager.swift in Sources */ = {isa = PBXBuildFile; fileRef = 6A19EC1C2AA9A2CF004386DD /* AppleMusicManager.swift */; };
		6A19EC212AA9AE79004386DD /* ViewController+TableView.swift in Sources */ = {isa = PBXBuildFile; fileRef = 6A19EC202AA9AE79004386DD /* ViewController+TableView.swift */; };
		6A19EC232AA9AE92004386DD /* AlbumTableViewCell.swift in Sources */ = {isa = PBXBuildFile; fileRef = 6A19EC222AA9AE92004386DD /* AlbumTableViewCell.swift */; };
		6A5919C72AAF20A800ABC4BD /* MusicInfoViewController+TableView.swift in Sources */ = {isa = PBXBuildFile; fileRef = 6A5919C62AAF20A800ABC4BD /* MusicInfoViewController+TableView.swift */; };
		6A5919CA2AAF218200ABC4BD /* TrackTableViewCell.swift in Sources */ = {isa = PBXBuildFile; fileRef = 6A5919C92AAF218200ABC4BD /* TrackTableViewCell.swift */; };
		6A9DA85C2AA9D55B006B3A9A /* ViewController+SearchController.swift in Sources */ = {isa = PBXBuildFile; fileRef = 6A9DA85B2AA9D55B006B3A9A /* ViewController+SearchController.swift */; };
		6A9DA8602AA9F730006B3A9A /* MusicInfoViewController.swift in Sources */ = {isa = PBXBuildFile; fileRef = 6A9DA85F2AA9F730006B3A9A /* MusicInfoViewController.swift */; };
/* End PBXBuildFile section */

/* Begin PBXFileReference section */
		6A0B748C2AA98A4A000004D4 /* AppleMusicDemo.app */ = {isa = PBXFileReference; explicitFileType = wrapper.application; includeInIndex = 0; path = AppleMusicDemo.app; sourceTree = BUILT_PRODUCTS_DIR; };
		6A0B748F2AA98A4A000004D4 /* AppDelegate.swift */ = {isa = PBXFileReference; lastKnownFileType = sourcecode.swift; path = AppDelegate.swift; sourceTree = "<group>"; };
		6A0B74912AA98A4A000004D4 /* SceneDelegate.swift */ = {isa = PBXFileReference; lastKnownFileType = sourcecode.swift; path = SceneDelegate.swift; sourceTree = "<group>"; };
		6A0B74932AA98A4A000004D4 /* ViewController.swift */ = {isa = PBXFileReference; lastKnownFileType = sourcecode.swift; path = ViewController.swift; sourceTree = "<group>"; };
		6A0B74962AA98A4A000004D4 /* Base */ = {isa = PBXFileReference; lastKnownFileType = file.storyboard; name = Base; path = Base.lproj/Main.storyboard; sourceTree = "<group>"; };
		6A0B74982AA98A4B000004D4 /* Assets.xcassets */ = {isa = PBXFileReference; lastKnownFileType = folder.assetcatalog; path = Assets.xcassets; sourceTree = "<group>"; };
		6A0B749B2AA98A4B000004D4 /* Base */ = {isa = PBXFileReference; lastKnownFileType = file.storyboard; name = Base; path = Base.lproj/LaunchScreen.storyboard; sourceTree = "<group>"; };
		6A0B749D2AA98A4B000004D4 /* Info.plist */ = {isa = PBXFileReference; lastKnownFileType = text.plist.xml; path = Info.plist; sourceTree = "<group>"; };
		6A19EC1C2AA9A2CF004386DD /* AppleMusicManager.swift */ = {isa = PBXFileReference; lastKnownFileType = sourcecode.swift; path = AppleMusicManager.swift; sourceTree = "<group>"; };
		6A19EC1E2AA9A445004386DD /* AppleMusicDemo.entitlements */ = {isa = PBXFileReference; fileEncoding = 4; lastKnownFileType = text.plist.entitlements; name = AppleMusicDemo.entitlements; path = ../../../../.Trash/AppleMusicDemo.entitlements; sourceTree = "<group>"; };
		6A19EC202AA9AE79004386DD /* ViewController+TableView.swift */ = {isa = PBXFileReference; lastKnownFileType = sourcecode.swift; path = "ViewController+TableView.swift"; sourceTree = "<group>"; };
		6A19EC222AA9AE92004386DD /* AlbumTableViewCell.swift */ = {isa = PBXFileReference; lastKnownFileType = sourcecode.swift; path = AlbumTableViewCell.swift; sourceTree = "<group>"; };
		6A5919C62AAF20A800ABC4BD /* MusicInfoViewController+TableView.swift */ = {isa = PBXFileReference; lastKnownFileType = sourcecode.swift; path = "MusicInfoViewController+TableView.swift"; sourceTree = "<group>"; };
		6A5919C92AAF218200ABC4BD /* TrackTableViewCell.swift */ = {isa = PBXFileReference; lastKnownFileType = sourcecode.swift; path = TrackTableViewCell.swift; sourceTree = "<group>"; };
		6A9DA85B2AA9D55B006B3A9A /* ViewController+SearchController.swift */ = {isa = PBXFileReference; lastKnownFileType = sourcecode.swift; path = "ViewController+SearchController.swift"; sourceTree = "<group>"; };
		6A9DA85F2AA9F730006B3A9A /* MusicInfoViewController.swift */ = {isa = PBXFileReference; lastKnownFileType = sourcecode.swift; path = MusicInfoViewController.swift; sourceTree = "<group>"; };
/* End PBXFileReference section */

/* Begin PBXFrameworksBuildPhase section */
		6A0B74892AA98A4A000004D4 /* Frameworks */ = {
			isa = PBXFrameworksBuildPhase;
			buildActionMask = 2147483647;
			files = (
			);
			runOnlyForDeploymentPostprocessing = 0;
		};
/* End PBXFrameworksBuildPhase section */

/* Begin PBXGroup section */
		6A0B74832AA98A4A000004D4 = {
			isa = PBXGroup;
			children = (
				6A0B748E2AA98A4A000004D4 /* AppleMusicDemo */,
				6A0B748D2AA98A4A000004D4 /* Products */,
			);
			sourceTree = "<group>";
		};
		6A0B748D2AA98A4A000004D4 /* Products */ = {
			isa = PBXGroup;
			children = (
				6A0B748C2AA98A4A000004D4 /* AppleMusicDemo.app */,
			);
			name = Products;
			sourceTree = "<group>";
		};
		6A0B748E2AA98A4A000004D4 /* AppleMusicDemo */ = {
			isa = PBXGroup;
			children = (
				6A19EC1E2AA9A445004386DD /* AppleMusicDemo.entitlements */,
				6A19EC1B2AA9A2B6004386DD /* AppleMusicManager */,
				6A19EC1A2AA9A294004386DD /* ViewControllers */,
				6A19EC192AA9A28B004386DD /* Storyboards */,
				6A0B748F2AA98A4A000004D4 /* AppDelegate.swift */,
				6A0B74912AA98A4A000004D4 /* SceneDelegate.swift */,
				6A0B74982AA98A4B000004D4 /* Assets.xcassets */,
				6A0B749D2AA98A4B000004D4 /* Info.plist */,
			);
			path = AppleMusicDemo;
			sourceTree = "<group>";
		};
		6A19EC192AA9A28B004386DD /* Storyboards */ = {
			isa = PBXGroup;
			children = (
				6A0B749A2AA98A4B000004D4 /* LaunchScreen.storyboard */,
				6A0B74952AA98A4A000004D4 /* Main.storyboard */,
			);
			path = Storyboards;
			sourceTree = "<group>";
		};
		6A19EC1A2AA9A294004386DD /* ViewControllers */ = {
			isa = PBXGroup;
			children = (
				6A9DA85E2AA9F70E006B3A9A /* MusicInfoView */,
				6A9DA85D2AA9F6FF006B3A9A /* MusicListView */,
			);
			path = ViewControllers;
			sourceTree = "<group>";
		};
		6A19EC1B2AA9A2B6004386DD /* AppleMusicManager */ = {
			isa = PBXGroup;
			children = (
				6A19EC1C2AA9A2CF004386DD /* AppleMusicManager.swift */,
			);
			path = AppleMusicManager;
			sourceTree = "<group>";
		};
		6A19EC242AA9AE96004386DD /* TableCells */ = {
			isa = PBXGroup;
			children = (
				6A19EC222AA9AE92004386DD /* AlbumTableViewCell.swift */,
			);
			path = TableCells;
			sourceTree = "<group>";
		};
		6A19EC252AA9AEAE004386DD /* Extensions */ = {
			isa = PBXGroup;
			children = (
				6A19EC202AA9AE79004386DD /* ViewController+TableView.swift */,
				6A9DA85B2AA9D55B006B3A9A /* ViewController+SearchController.swift */,
			);
			path = Extensions;
			sourceTree = "<group>";
		};
		6A5919C52AAF208D00ABC4BD /* Extension */ = {
			isa = PBXGroup;
			children = (
				6A5919C62AAF20A800ABC4BD /* MusicInfoViewController+TableView.swift */,
			);
			path = Extension;
			sourceTree = "<group>";
		};
		6A5919C82AAF216100ABC4BD /* TableCells */ = {
			isa = PBXGroup;
			children = (
				6A5919C92AAF218200ABC4BD /* TrackTableViewCell.swift */,
			);
			path = TableCells;
			sourceTree = "<group>";
		};
		6A9DA85D2AA9F6FF006B3A9A /* MusicListView */ = {
			isa = PBXGroup;
			children = (
				6A19EC252AA9AEAE004386DD /* Extensions */,
				6A19EC242AA9AE96004386DD /* TableCells */,
				6A0B74932AA98A4A000004D4 /* ViewController.swift */,
			);
			path = MusicListView;
			sourceTree = "<group>";
		};
		6A9DA85E2AA9F70E006B3A9A /* MusicInfoView */ = {
			isa = PBXGroup;
			children = (
				6A5919C82AAF216100ABC4BD /* TableCells */,
				6A5919C52AAF208D00ABC4BD /* Extension */,
				6A9DA85F2AA9F730006B3A9A /* MusicInfoViewController.swift */,
			);
			path = MusicInfoView;
			sourceTree = "<group>";
		};
/* End PBXGroup section */

/* Begin PBXNativeTarget section */
		6A0B748B2AA98A4A000004D4 /* AppleMusicDemo */ = {
			isa = PBXNativeTarget;
			buildConfigurationList = 6A0B74A02AA98A4B000004D4 /* Build configuration list for PBXNativeTarget "AppleMusicDemo" */;
			buildPhases = (
				6A0B74882AA98A4A000004D4 /* Sources */,
				6A0B74892AA98A4A000004D4 /* Frameworks */,
				6A0B748A2AA98A4A000004D4 /* Resources */,
			);
			buildRules = (
			);
			dependencies = (
			);
			name = AppleMusicDemo;
			productName = AppleMusicDemo;
			productReference = 6A0B748C2AA98A4A000004D4 /* AppleMusicDemo.app */;
			productType = "com.apple.product-type.application";
		};
/* End PBXNativeTarget section */

/* Begin PBXProject section */
		6A0B74842AA98A4A000004D4 /* Project object */ = {
			isa = PBXProject;
			attributes = {
				BuildIndependentTargetsInParallel = 1;
				LastSwiftUpdateCheck = 1420;
				LastUpgradeCheck = 1420;
				TargetAttributes = {
					6A0B748B2AA98A4A000004D4 = {
						CreatedOnToolsVersion = 14.2;
					};
				};
			};
			buildConfigurationList = 6A0B74872AA98A4A000004D4 /* Build configuration list for PBXProject "AppleMusicDemo" */;
			compatibilityVersion = "Xcode 14.0";
			developmentRegion = en;
			hasScannedForEncodings = 0;
			knownRegions = (
				en,
				Base,
			);
			mainGroup = 6A0B74832AA98A4A000004D4;
			productRefGroup = 6A0B748D2AA98A4A000004D4 /* Products */;
			projectDirPath = "";
			projectRoot = "";
			targets = (
				6A0B748B2AA98A4A000004D4 /* AppleMusicDemo */,
			);
		};
/* End PBXProject section */

/* Begin PBXResourcesBuildPhase section */
		6A0B748A2AA98A4A000004D4 /* Resources */ = {
			isa = PBXResourcesBuildPhase;
			buildActionMask = 2147483647;
			files = (
				6A0B749C2AA98A4B000004D4 /* LaunchScreen.storyboard in Resources */,
				6A0B74992AA98A4B000004D4 /* Assets.xcassets in Resources */,
				6A0B74972AA98A4A000004D4 /* Main.storyboard in Resources */,
			);
			runOnlyForDeploymentPostprocessing = 0;
		};
/* End PBXResourcesBuildPhase section */

/* Begin PBXSourcesBuildPhase section */
		6A0B74882AA98A4A000004D4 /* Sources */ = {
			isa = PBXSourcesBuildPhase;
			buildActionMask = 2147483647;
			files = (
				6A19EC232AA9AE92004386DD /* AlbumTableViewCell.swift in Sources */,
				6A19EC1D2AA9A2CF004386DD /* AppleMusicManager.swift in Sources */,
				6A0B74942AA98A4A000004D4 /* ViewController.swift in Sources */,
				6A9DA85C2AA9D55B006B3A9A /* ViewController+SearchController.swift in Sources */,
				6A0B74902AA98A4A000004D4 /* AppDelegate.swift in Sources */,
				6A5919CA2AAF218200ABC4BD /* TrackTableViewCell.swift in Sources */,
				6A19EC212AA9AE79004386DD /* ViewController+TableView.swift in Sources */,
				6A9DA8602AA9F730006B3A9A /* MusicInfoViewController.swift in Sources */,
				6A0B74922AA98A4A000004D4 /* SceneDelegate.swift in Sources */,
				6A5919C72AAF20A800ABC4BD /* MusicInfoViewController+TableView.swift in Sources */,
			);
			runOnlyForDeploymentPostprocessing = 0;
		};
/* End PBXSourcesBuildPhase section */

/* Begin PBXVariantGroup section */
		6A0B74952AA98A4A000004D4 /* Main.storyboard */ = {
			isa = PBXVariantGroup;
			children = (
				6A0B74962AA98A4A000004D4 /* Base */,
			);
			name = Main.storyboard;
			sourceTree = "<group>";
		};
		6A0B749A2AA98A4B000004D4 /* LaunchScreen.storyboard */ = {
			isa = PBXVariantGroup;
			children = (
				6A0B749B2AA98A4B000004D4 /* Base */,
			);
			name = LaunchScreen.storyboard;
			sourceTree = "<group>";
		};
/* End PBXVariantGroup section */

/* Begin XCBuildConfiguration section */
		6A0B749E2AA98A4B000004D4 /* Debug */ = {
			isa = XCBuildConfiguration;
			buildSettings = {
				ALWAYS_SEARCH_USER_PATHS = NO;
				CLANG_ANALYZER_NONNULL = YES;
				CLANG_ANALYZER_NUMBER_OBJECT_CONVERSION = YES_AGGRESSIVE;
				CLANG_CXX_LANGUAGE_STANDARD = "gnu++20";
				CLANG_ENABLE_MODULES = YES;
				CLANG_ENABLE_OBJC_ARC = YES;
				CLANG_ENABLE_OBJC_WEAK = YES;
				CLANG_WARN_BLOCK_CAPTURE_AUTORELEASING = YES;
				CLANG_WARN_BOOL_CONVERSION = YES;
				CLANG_WARN_COMMA = YES;
				CLANG_WARN_CONSTANT_CONVERSION = YES;
				CLANG_WARN_DEPRECATED_OBJC_IMPLEMENTATIONS = YES;
				CLANG_WARN_DIRECT_OBJC_ISA_USAGE = YES_ERROR;
				CLANG_WARN_DOCUMENTATION_COMMENTS = YES;
				CLANG_WARN_EMPTY_BODY = YES;
				CLANG_WARN_ENUM_CONVERSION = YES;
				CLANG_WARN_INFINITE_RECURSION = YES;
				CLANG_WARN_INT_CONVERSION = YES;
				CLANG_WARN_NON_LITERAL_NULL_CONVERSION = YES;
				CLANG_WARN_OBJC_IMPLICIT_RETAIN_SELF = YES;
				CLANG_WARN_OBJC_LITERAL_CONVERSION = YES;
				CLANG_WARN_OBJC_ROOT_CLASS = YES_ERROR;
				CLANG_WARN_QUOTED_INCLUDE_IN_FRAMEWORK_HEADER = YES;
				CLANG_WARN_RANGE_LOOP_ANALYSIS = YES;
				CLANG_WARN_STRICT_PROTOTYPES = YES;
				CLANG_WARN_SUSPICIOUS_MOVE = YES;
				CLANG_WARN_UNGUARDED_AVAILABILITY = YES_AGGRESSIVE;
				CLANG_WARN_UNREACHABLE_CODE = YES;
				CLANG_WARN__DUPLICATE_METHOD_MATCH = YES;
				COPY_PHASE_STRIP = NO;
				DEBUG_INFORMATION_FORMAT = dwarf;
				ENABLE_STRICT_OBJC_MSGSEND = YES;
				ENABLE_TESTABILITY = YES;
				GCC_C_LANGUAGE_STANDARD = gnu11;
				GCC_DYNAMIC_NO_PIC = NO;
				GCC_NO_COMMON_BLOCKS = YES;
				GCC_OPTIMIZATION_LEVEL = 0;
				GCC_PREPROCESSOR_DEFINITIONS = (
					"DEBUG=1",
					"$(inherited)",
				);
				GCC_WARN_64_TO_32_BIT_CONVERSION = YES;
				GCC_WARN_ABOUT_RETURN_TYPE = YES_ERROR;
				GCC_WARN_UNDECLARED_SELECTOR = YES;
				GCC_WARN_UNINITIALIZED_AUTOS = YES_AGGRESSIVE;
				GCC_WARN_UNUSED_FUNCTION = YES;
				GCC_WARN_UNUSED_VARIABLE = YES;
				IPHONEOS_DEPLOYMENT_TARGET = 16.2;
				MTL_ENABLE_DEBUG_INFO = INCLUDE_SOURCE;
				MTL_FAST_MATH = YES;
				ONLY_ACTIVE_ARCH = YES;
				SDKROOT = iphoneos;
				SWIFT_ACTIVE_COMPILATION_CONDITIONS = DEBUG;
				SWIFT_OPTIMIZATION_LEVEL = "-Onone";
			};
			name = Debug;
		};
		6A0B749F2AA98A4B000004D4 /* Release */ = {
			isa = XCBuildConfiguration;
			buildSettings = {
				ALWAYS_SEARCH_USER_PATHS = NO;
				CLANG_ANALYZER_NONNULL = YES;
				CLANG_ANALYZER_NUMBER_OBJECT_CONVERSION = YES_AGGRESSIVE;
				CLANG_CXX_LANGUAGE_STANDARD = "gnu++20";
				CLANG_ENABLE_MODULES = YES;
				CLANG_ENABLE_OBJC_ARC = YES;
				CLANG_ENABLE_OBJC_WEAK = YES;
				CLANG_WARN_BLOCK_CAPTURE_AUTORELEASING = YES;
				CLANG_WARN_BOOL_CONVERSION = YES;
				CLANG_WARN_COMMA = YES;
				CLANG_WARN_CONSTANT_CONVERSION = YES;
				CLANG_WARN_DEPRECATED_OBJC_IMPLEMENTATIONS = YES;
				CLANG_WARN_DIRECT_OBJC_ISA_USAGE = YES_ERROR;
				CLANG_WARN_DOCUMENTATION_COMMENTS = YES;
				CLANG_WARN_EMPTY_BODY = YES;
				CLANG_WARN_ENUM_CONVERSION = YES;
				CLANG_WARN_INFINITE_RECURSION = YES;
				CLANG_WARN_INT_CONVERSION = YES;
				CLANG_WARN_NON_LITERAL_NULL_CONVERSION = YES;
				CLANG_WARN_OBJC_IMPLICIT_RETAIN_SELF = YES;
				CLANG_WARN_OBJC_LITERAL_CONVERSION = YES;
				CLANG_WARN_OBJC_ROOT_CLASS = YES_ERROR;
				CLANG_WARN_QUOTED_INCLUDE_IN_FRAMEWORK_HEADER = YES;
				CLANG_WARN_RANGE_LOOP_ANALYSIS = YES;
				CLANG_WARN_STRICT_PROTOTYPES = YES;
				CLANG_WARN_SUSPICIOUS_MOVE = YES;
				CLANG_WARN_UNGUARDED_AVAILABILITY = YES_AGGRESSIVE;
				CLANG_WARN_UNREACHABLE_CODE = YES;
				CLANG_WARN__DUPLICATE_METHOD_MATCH = YES;
				COPY_PHASE_STRIP = NO;
				DEBUG_INFORMATION_FORMAT = "dwarf-with-dsym";
				ENABLE_NS_ASSERTIONS = NO;
				ENABLE_STRICT_OBJC_MSGSEND = YES;
				GCC_C_LANGUAGE_STANDARD = gnu11;
				GCC_NO_COMMON_BLOCKS = YES;
				GCC_WARN_64_TO_32_BIT_CONVERSION = YES;
				GCC_WARN_ABOUT_RETURN_TYPE = YES_ERROR;
				GCC_WARN_UNDECLARED_SELECTOR = YES;
				GCC_WARN_UNINITIALIZED_AUTOS = YES_AGGRESSIVE;
				GCC_WARN_UNUSED_FUNCTION = YES;
				GCC_WARN_UNUSED_VARIABLE = YES;
				IPHONEOS_DEPLOYMENT_TARGET = 16.2;
				MTL_ENABLE_DEBUG_INFO = NO;
				MTL_FAST_MATH = YES;
				SDKROOT = iphoneos;
				SWIFT_COMPILATION_MODE = wholemodule;
				SWIFT_OPTIMIZATION_LEVEL = "-O";
				VALIDATE_PRODUCT = YES;
			};
			name = Release;
		};
		6A0B74A12AA98A4B000004D4 /* Debug */ = {
			isa = XCBuildConfiguration;
			buildSettings = {
				ASSETCATALOG_COMPILER_APPICON_NAME = AppIcon;
				ASSETCATALOG_COMPILER_GLOBAL_ACCENT_COLOR_NAME = AccentColor;
				CODE_SIGN_ENTITLEMENTS = AppleMusicDemo/AppleMusicDemo.entitlements;
				CODE_SIGN_STYLE = Automatic;
				CURRENT_PROJECT_VERSION = 1;
				DEVELOPMENT_TEAM = LPRPC642LQ;
				GENERATE_INFOPLIST_FILE = YES;
				INFOPLIST_FILE = AppleMusicDemo/Info.plist;
				INFOPLIST_KEY_NSAppleMusicUsageDescription = "Media Library Usage Permission is Needed.";
				INFOPLIST_KEY_UIApplicationSupportsIndirectInputEvents = YES;
				INFOPLIST_KEY_UILaunchStoryboardName = LaunchScreen;
				INFOPLIST_KEY_UIMainStoryboardFile = Main;
				INFOPLIST_KEY_UISupportedInterfaceOrientations = UIInterfaceOrientationPortrait;
				INFOPLIST_KEY_UISupportedInterfaceOrientations_iPad = "UIInterfaceOrientationLandscapeLeft UIInterfaceOrientationLandscapeRight UIInterfaceOrientationPortrait UIInterfaceOrientationPortraitUpsideDown";
				IPHONEOS_DEPLOYMENT_TARGET = 16.0;
				LD_RUNPATH_SEARCH_PATHS = (
					"$(inherited)",
					"@executable_path/Frameworks",
				);
				MARKETING_VERSION = 1.0;
				PRODUCT_BUNDLE_IDENTIFIER = com.example.AppleMusicDemoApp;
				PRODUCT_NAME = "$(TARGET_NAME)";
				SUPPORTED_PLATFORMS = "iphoneos iphonesimulator";
				SUPPORTS_MACCATALYST = NO;
				SUPPORTS_MAC_DESIGNED_FOR_IPHONE_IPAD = NO;
				SWIFT_EMIT_LOC_STRINGS = YES;
				SWIFT_VERSION = 5.0;
				TARGETED_DEVICE_FAMILY = 1;
			};
			name = Debug;
		};
		6A0B74A22AA98A4B000004D4 /* Release */ = {
			isa = XCBuildConfiguration;
			buildSettings = {
				ASSETCATALOG_COMPILER_APPICON_NAME = AppIcon;
				ASSETCATALOG_COMPILER_GLOBAL_ACCENT_COLOR_NAME = AccentColor;
				CODE_SIGN_ENTITLEMENTS = AppleMusicDemo/AppleMusicDemo.entitlements;
				CODE_SIGN_STYLE = Automatic;
				CURRENT_PROJECT_VERSION = 1;
				DEVELOPMENT_TEAM = LPRPC642LQ;
				GENERATE_INFOPLIST_FILE = YES;
				INFOPLIST_FILE = AppleMusicDemo/Info.plist;
				INFOPLIST_KEY_NSAppleMusicUsageDescription = "Media Library Usage Permission is Needed.";
				INFOPLIST_KEY_UIApplicationSupportsIndirectInputEvents = YES;
				INFOPLIST_KEY_UILaunchStoryboardName = LaunchScreen;
				INFOPLIST_KEY_UIMainStoryboardFile = Main;
				INFOPLIST_KEY_UISupportedInterfaceOrientations = UIInterfaceOrientationPortrait;
				INFOPLIST_KEY_UISupportedInterfaceOrientations_iPad = "UIInterfaceOrientationLandscapeLeft UIInterfaceOrientationLandscapeRight UIInterfaceOrientationPortrait UIInterfaceOrientationPortraitUpsideDown";
				IPHONEOS_DEPLOYMENT_TARGET = 16.0;
				LD_RUNPATH_SEARCH_PATHS = (
					"$(inherited)",
					"@executable_path/Frameworks",
				);
				MARKETING_VERSION = 1.0;
				PRODUCT_BUNDLE_IDENTIFIER = com.example.AppleMusicDemoApp;
				PRODUCT_NAME = "$(TARGET_NAME)";
				SUPPORTED_PLATFORMS = "iphoneos iphonesimulator";
				SUPPORTS_MACCATALYST = NO;
				SUPPORTS_MAC_DESIGNED_FOR_IPHONE_IPAD = NO;
				SWIFT_EMIT_LOC_STRINGS = YES;
				SWIFT_VERSION = 5.0;
				TARGETED_DEVICE_FAMILY = 1;
			};
			name = Release;
		};
/* End XCBuildConfiguration section */

/* Begin XCConfigurationList section */
		6A0B74872AA98A4A000004D4 /* Build configuration list for PBXProject "AppleMusicDemo" */ = {
			isa = XCConfigurationList;
			buildConfigurations = (
				6A0B749E2AA98A4B000004D4 /* Debug */,
				6A0B749F2AA98A4B000004D4 /* Release */,
			);
			defaultConfigurationIsVisible = 0;
			defaultConfigurationName = Release;
		};
		6A0B74A02AA98A4B000004D4 /* Build configuration list for PBXNativeTarget "AppleMusicDemo" */ = {
			isa = XCConfigurationList;
			buildConfigurations = (
				6A0B74A12AA98A4B000004D4 /* Debug */,
				6A0B74A22AA98A4B000004D4 /* Release */,
			);
			defaultConfigurationIsVisible = 0;
			defaultConfigurationName = Release;
		};
/* End XCConfigurationList section */
	};
	rootObject = 6A0B74842AA98A4A000004D4 /* Project object */;
}
